
Microsoft Visual Studio Solution File, Format Version 12.00
# Visual Studio Version 17
VisualStudioVersion = 17.11.35312.102
MinimumVisualStudioVersion = 10.0.40219.1
Project("{FAE04EC0-301F-11D3-BF4B-00C04F79EFBC}") = "EventHubWorkerService", "EventHubWorkerService.csproj", "{BC2268BF-1724-4FD8-A3E5-83F8633001DE}"
EndProject
Global
	GlobalSection(SolutionConfigurationPlatforms) = preSolution
		Debug|Any CPU = Debug|Any CPU
		Release|Any CPU = Release|Any CPU
	EndGlobalSection
	GlobalSection(ProjectConfigurationPlatforms) = postSolution
		{BC2268BF-1724-4FD8-A3E5-83F8633001DE}.Debug|Any CPU.ActiveCfg = Debug|Any CPU
		{BC2268BF-1724-4FD8-A3E5-83F8633001DE}.Debug|Any CPU.Build.0 = Debug|Any CPU
		{BC2268BF-1724-4FD8-A3E5-83F8633001DE}.Release|Any CPU.ActiveCfg = Release|Any CPU
		{BC2268BF-1724-4FD8-A3E5-83F8633001DE}.Release|Any CPU.Build.0 = Release|Any CPU
	EndGlobalSection
	GlobalSection(SolutionProperties) = preSolution
		HideSolutionNode = FALSE
	EndGlobalSection
	GlobalSection(ExtensibilityGlobals) = postSolution
		SolutionGuid = {73CD81D9-FBF7-4219-A7F7-736E320DA476}
	EndGlobalSection
EndGlobal
